{
  "requires": true,
  "lockfileVersion": 1,
  "dependencies": {
    "@dcloudio/uni-i18n": {
      "version": "2.0.1-34920220630001",
      "resolved": "https://registry.npmmirror.com/@dcloudio/uni-i18n/-/uni-i18n-2.0.1-34920220630001.tgz",
      "integrity": "sha512-FvlPyyiF++3YAlVcT4whddXKJ8ImErf4CuLxUIhEKvlexra16jzsBApbA1xaJmtVQ1z8yB9Es0xcIryZUXyJsA=="
    },
    "@escook/request-miniprogram": {
      "version": "0.2.1",
      "resolved": "https://registry.npmmirror.com/@escook/request-miniprogram/-/request-miniprogram-0.2.1.tgz",
      "integrity": "sha512-ueWV5YsaEm/ycQZuEjMiA88GFMhfBQSjy9GrP9omy4xAQajkGTbYIlnhzsDfWzRPmRC1fKmAiKMrCVcgS+SHcQ=="
    },
    "ws": {
      "version": "8.8.1",
      "resolved": "https://registry.npmmirror.com/ws/-/ws-8.8.1.tgz",
      "integrity": "sha512-bGy2JzvzkPowEJV++hF07hAD6niYSr0JzBNo/J29WsB57A2r7Wlc1UFcTR9IzrPvuNVO4B8LGqF8qcpsVOhJCA=="
    }
  }
}
